// !$*UTF8*$!
{
	archiveVersion = 1;
	classes = {
	};
	objectVersion = 50;
	objects = {

/* Begin PBXBuildFile section */
		5798EF9121EFBFA200C012DE /* ChartViewTests.swift in Sources */ = {isa = PBXBuildFile; fileRef = 5798EF9021EFBFA200C012DE /* ChartViewTests.swift */; };
		57E6333021EB8C8B007E3F08 /* AppDelegate.swift in Sources */ = {isa = PBXBuildFile; fileRef = 57E6332F21EB8C8B007E3F08 /* AppDelegate.swift */; };
		57E6333221EB8C8B007E3F08 /* ViewController.swift in Sources */ = {isa = PBXBuildFile; fileRef = 57E6333121EB8C8B007E3F08 /* ViewController.swift */; };
		57E6333521EB8C8B007E3F08 /* Main.storyboard in Resources */ = {isa = PBXBuildFile; fileRef = 57E6333321EB8C8B007E3F08 /* Main.storyboard */; };
		57E6333721EB8C8F007E3F08 /* Assets.xcassets in Resources */ = {isa = PBXBuildFile; fileRef = 57E6333621EB8C8F007E3F08 /* Assets.xcassets */; };
		57E6333A21EB8C8F007E3F08 /* LaunchScreen.storyboard in Resources */ = {isa = PBXBuildFile; fileRef = 57E6333821EB8C8F007E3F08 /* LaunchScreen.storyboard */; };
		57E6335021EB8C8F007E3F08 /* BondScheduleUITests.swift in Sources */ = {isa = PBXBuildFile; fileRef = 57E6334F21EB8C8F007E3F08 /* BondScheduleUITests.swift */; };
		57E6336121EBBBC7007E3F08 /* BondTests.swift in Sources */ = {isa = PBXBuildFile; fileRef = 57E6336021EBBBC7007E3F08 /* BondTests.swift */; };
		57E6336421EBBE55007E3F08 /* Bond.swift in Sources */ = {isa = PBXBuildFile; fileRef = 57E6336321EBBE55007E3F08 /* Bond.swift */; };
		57E6336621EBC246007E3F08 /* Statistic.swift in Sources */ = {isa = PBXBuildFile; fileRef = 57E6336521EBC246007E3F08 /* Statistic.swift */; };
		57E6336821EBC921007E3F08 /* StatisticTests.swift in Sources */ = {isa = PBXBuildFile; fileRef = 57E6336721EBC920007E3F08 /* StatisticTests.swift */; };
		57E6336A21EBCCA0007E3F08 /* PeriodTests.swift in Sources */ = {isa = PBXBuildFile; fileRef = 57E6336921EBCCA0007E3F08 /* PeriodTests.swift */; };
		57E6336C21EBCD73007E3F08 /* Period.swift in Sources */ = {isa = PBXBuildFile; fileRef = 57E6336B21EBCD73007E3F08 /* Period.swift */; };
		57E6336E21EBCFFE007E3F08 /* StatisticTypeTests.swift in Sources */ = {isa = PBXBuildFile; fileRef = 57E6336D21EBCFFE007E3F08 /* StatisticTypeTests.swift */; };
		57E6337021EBD033007E3F08 /* StatisticType.swift in Sources */ = {isa = PBXBuildFile; fileRef = 57E6336F21EBD033007E3F08 /* StatisticType.swift */; };
		57E6337821EC8EEE007E3F08 /* BondService.swift in Sources */ = {isa = PBXBuildFile; fileRef = 57E6337721EC8EEE007E3F08 /* BondService.swift */; };
		57E6337A21EC8EF8007E3F08 /* BondServiceImp.swift in Sources */ = {isa = PBXBuildFile; fileRef = 57E6337921EC8EF8007E3F08 /* BondServiceImp.swift */; };
		57E6337E21ECA104007E3F08 /* Network.swift in Sources */ = {isa = PBXBuildFile; fileRef = 57E6337D21ECA104007E3F08 /* Network.swift */; };
		57E6338021ECA168007E3F08 /* NetworkImp.swift in Sources */ = {isa = PBXBuildFile; fileRef = 57E6337F21ECA168007E3F08 /* NetworkImp.swift */; };
		57E6338721ECB390007E3F08 /* ChartView.swift in Sources */ = {isa = PBXBuildFile; fileRef = 57E6338621ECB38F007E3F08 /* ChartView.swift */; };
		9F7CA5424125A88CA1122D6A /* Pods_BondSchedule.framework in Frameworks */ = {isa = PBXBuildFile; fileRef = 3763F5EA18EA6B5BCC5F3FCA /* Pods_BondSchedule.framework */; };
/* End PBXBuildFile section */

/* Begin PBXContainerItemProxy section */
		57E6334121EB8C8F007E3F08 /* PBXContainerItemProxy */ = {
			isa = PBXContainerItemProxy;
			containerPortal = 57E6332421EB8C8A007E3F08 /* Project object */;
			proxyType = 1;
			remoteGlobalIDString = 57E6332B21EB8C8A007E3F08;
			remoteInfo = BondSchedule;
		};
		57E6334C21EB8C8F007E3F08 /* PBXContainerItemProxy */ = {
			isa = PBXContainerItemProxy;
			containerPortal = 57E6332421EB8C8A007E3F08 /* Project object */;
			proxyType = 1;
			remoteGlobalIDString = 57E6332B21EB8C8A007E3F08;
			remoteInfo = BondSchedule;
		};
/* End PBXContainerItemProxy section */

/* Begin PBXFileReference section */
		0650E26C38F1DE6CBD599B1E /* Pods-BondSchedule.debug.xcconfig */ = {isa = PBXFileReference; includeInIndex = 1; lastKnownFileType = text.xcconfig; name = "Pods-BondSchedule.debug.xcconfig"; path = "Target Support Files/Pods-BondSchedule/Pods-BondSchedule.debug.xcconfig"; sourceTree = "<group>"; };
		3763F5EA18EA6B5BCC5F3FCA /* Pods_BondSchedule.framework */ = {isa = PBXFileReference; explicitFileType = wrapper.framework; includeInIndex = 0; path = Pods_BondSchedule.framework; sourceTree = BUILT_PRODUCTS_DIR; };
		5798EF9021EFBFA200C012DE /* ChartViewTests.swift */ = {isa = PBXFileReference; lastKnownFileType = sourcecode.swift; path = ChartViewTests.swift; sourceTree = "<group>"; };
		57E6332C21EB8C8A007E3F08 /* BondSchedule.app */ = {isa = PBXFileReference; explicitFileType = wrapper.application; includeInIndex = 0; path = BondSchedule.app; sourceTree = BUILT_PRODUCTS_DIR; };
		57E6332F21EB8C8B007E3F08 /* AppDelegate.swift */ = {isa = PBXFileReference; lastKnownFileType = sourcecode.swift; path = AppDelegate.swift; sourceTree = "<group>"; };
		57E6333121EB8C8B007E3F08 /* ViewController.swift */ = {isa = PBXFileReference; lastKnownFileType = sourcecode.swift; path = ViewController.swift; sourceTree = "<group>"; };
		57E6333421EB8C8B007E3F08 /* Base */ = {isa = PBXFileReference; lastKnownFileType = file.storyboard; name = Base; path = Base.lproj/Main.storyboard; sourceTree = "<group>"; };
		57E6333621EB8C8F007E3F08 /* Assets.xcassets */ = {isa = PBXFileReference; lastKnownFileType = folder.assetcatalog; path = Assets.xcassets; sourceTree = "<group>"; };
		57E6333921EB8C8F007E3F08 /* Base */ = {isa = PBXFileReference; lastKnownFileType = file.storyboard; name = Base; path = Base.lproj/LaunchScreen.storyboard; sourceTree = "<group>"; };
		57E6333B21EB8C8F007E3F08 /* Info.plist */ = {isa = PBXFileReference; lastKnownFileType = text.plist.xml; path = Info.plist; sourceTree = "<group>"; };
		57E6334021EB8C8F007E3F08 /* BondScheduleTests.xctest */ = {isa = PBXFileReference; explicitFileType = wrapper.cfbundle; includeInIndex = 0; path = BondScheduleTests.xctest; sourceTree = BUILT_PRODUCTS_DIR; };
		57E6334621EB8C8F007E3F08 /* Info.plist */ = {isa = PBXFileReference; lastKnownFileType = text.plist.xml; path = Info.plist; sourceTree = "<group>"; };
		57E6334B21EB8C8F007E3F08 /* BondScheduleUITests.xctest */ = {isa = PBXFileReference; explicitFileType = wrapper.cfbundle; includeInIndex = 0; path = BondScheduleUITests.xctest; sourceTree = BUILT_PRODUCTS_DIR; };
		57E6334F21EB8C8F007E3F08 /* BondScheduleUITests.swift */ = {isa = PBXFileReference; lastKnownFileType = sourcecode.swift; path = BondScheduleUITests.swift; sourceTree = "<group>"; };
		57E6335121EB8C8F007E3F08 /* Info.plist */ = {isa = PBXFileReference; lastKnownFileType = text.plist.xml; path = Info.plist; sourceTree = "<group>"; };
		57E6336021EBBBC7007E3F08 /* BondTests.swift */ = {isa = PBXFileReference; lastKnownFileType = sourcecode.swift; path = BondTests.swift; sourceTree = "<group>"; };
		57E6336321EBBE55007E3F08 /* Bond.swift */ = {isa = PBXFileReference; lastKnownFileType = sourcecode.swift; path = Bond.swift; sourceTree = "<group>"; };
		57E6336521EBC246007E3F08 /* Statistic.swift */ = {isa = PBXFileReference; lastKnownFileType = sourcecode.swift; path = Statistic.swift; sourceTree = "<group>"; };
		57E6336721EBC920007E3F08 /* StatisticTests.swift */ = {isa = PBXFileReference; lastKnownFileType = sourcecode.swift; path = StatisticTests.swift; sourceTree = "<group>"; };
		57E6336921EBCCA0007E3F08 /* PeriodTests.swift */ = {isa = PBXFileReference; lastKnownFileType = sourcecode.swift; path = PeriodTests.swift; sourceTree = "<group>"; };
		57E6336B21EBCD73007E3F08 /* Period.swift */ = {isa = PBXFileReference; lastKnownFileType = sourcecode.swift; path = Period.swift; sourceTree = "<group>"; };
		57E6336D21EBCFFE007E3F08 /* StatisticTypeTests.swift */ = {isa = PBXFileReference; lastKnownFileType = sourcecode.swift; path = StatisticTypeTests.swift; sourceTree = "<group>"; };
		57E6336F21EBD033007E3F08 /* StatisticType.swift */ = {isa = PBXFileReference; lastKnownFileType = sourcecode.swift; path = StatisticType.swift; sourceTree = "<group>"; };
		57E6337721EC8EEE007E3F08 /* BondService.swift */ = {isa = PBXFileReference; lastKnownFileType = sourcecode.swift; path = BondService.swift; sourceTree = "<group>"; };
		57E6337921EC8EF8007E3F08 /* BondServiceImp.swift */ = {isa = PBXFileReference; lastKnownFileType = sourcecode.swift; path = BondServiceImp.swift; sourceTree = "<group>"; };
		57E6337D21ECA104007E3F08 /* Network.swift */ = {isa = PBXFileReference; lastKnownFileType = sourcecode.swift; path = Network.swift; sourceTree = "<group>"; };
		57E6337F21ECA168007E3F08 /* NetworkImp.swift */ = {isa = PBXFileReference; lastKnownFileType = sourcecode.swift; path = NetworkImp.swift; sourceTree = "<group>"; };
		57E6338621ECB38F007E3F08 /* ChartView.swift */ = {isa = PBXFileReference; lastKnownFileType = sourcecode.swift; path = ChartView.swift; sourceTree = "<group>"; };
		8982B58E0E6BD4351D74BA16 /* Pods-BondSchedule.release.xcconfig */ = {isa = PBXFileReference; includeInIndex = 1; lastKnownFileType = text.xcconfig; name = "Pods-BondSchedule.release.xcconfig"; path = "Target Support Files/Pods-BondSchedule/Pods-BondSchedule.release.xcconfig"; sourceTree = "<group>"; };
/* End PBXFileReference section */

/* Begin PBXFrameworksBuildPhase section */
		57E6332921EB8C8A007E3F08 /* Frameworks */ = {
			isa = PBXFrameworksBuildPhase;
			buildActionMask = 2147483647;
			files = (
				9F7CA5424125A88CA1122D6A /* Pods_BondSchedule.framework in Frameworks */,
			);
			runOnlyForDeploymentPostprocessing = 0;
		};
		57E6333D21EB8C8F007E3F08 /* Frameworks */ = {
			isa = PBXFrameworksBuildPhase;
			buildActionMask = 2147483647;
			files = (
			);
			runOnlyForDeploymentPostprocessing = 0;
		};
		57E6334821EB8C8F007E3F08 /* Frameworks */ = {
			isa = PBXFrameworksBuildPhase;
			buildActionMask = 2147483647;
			files = (
			);
			runOnlyForDeploymentPostprocessing = 0;
		};
/* End PBXFrameworksBuildPhase section */

/* Begin PBXGroup section */
		49F03B6EAECDFC3E5345DDD4 /* Pods */ = {
			isa = PBXGroup;
			children = (
				0650E26C38F1DE6CBD599B1E /* Pods-BondSchedule.debug.xcconfig */,
				8982B58E0E6BD4351D74BA16 /* Pods-BondSchedule.release.xcconfig */,
			);
			path = Pods;
			sourceTree = "<group>";
		};
		5798EF8E21EFBF8300C012DE /* PresentationLayer */ = {
			isa = PBXGroup;
			children = (
				5798EF8F21EFBF8C00C012DE /* ReusableComponents */,
			);
			path = PresentationLayer;
			sourceTree = "<group>";
		};
		5798EF8F21EFBF8C00C012DE /* ReusableComponents */ = {
			isa = PBXGroup;
			children = (
				5798EF9021EFBFA200C012DE /* ChartViewTests.swift */,
			);
			path = ReusableComponents;
			sourceTree = "<group>";
		};
		57E6332321EB8C8A007E3F08 = {
			isa = PBXGroup;
			children = (
				57E6332E21EB8C8A007E3F08 /* BondSchedule */,
				57E6334321EB8C8F007E3F08 /* BondScheduleTests */,
				57E6334E21EB8C8F007E3F08 /* BondScheduleUITests */,
				57E6332D21EB8C8A007E3F08 /* Products */,
				49F03B6EAECDFC3E5345DDD4 /* Pods */,
				D2EFC3857B216D9C922C85D9 /* Frameworks */,
			);
			sourceTree = "<group>";
		};
		57E6332D21EB8C8A007E3F08 /* Products */ = {
			isa = PBXGroup;
			children = (
				57E6332C21EB8C8A007E3F08 /* BondSchedule.app */,
				57E6334021EB8C8F007E3F08 /* BondScheduleTests.xctest */,
				57E6334B21EB8C8F007E3F08 /* BondScheduleUITests.xctest */,
			);
			name = Products;
			sourceTree = "<group>";
		};
		57E6332E21EB8C8A007E3F08 /* BondSchedule */ = {
			isa = PBXGroup;
			children = (
				57E6338421ECA2A2007E3F08 /* ApplicationLayer */,
				57E6338321ECA298007E3F08 /* PresentationLayer */,
				57E6337521EC8ECC007E3F08 /* BusinessLogicLayer */,
				57E6337B21ECA0E7007E3F08 /* CoreLayer */,
				57E6336221EBBE40007E3F08 /* Model */,
				57E6338121ECA250007E3F08 /* Resources */,
				57E6338221ECA25A007E3F08 /* SupportingFiles */,
			);
			path = BondSchedule;
			sourceTree = "<group>";
		};
		57E6334321EB8C8F007E3F08 /* BondScheduleTests */ = {
			isa = PBXGroup;
			children = (
				5798EF8E21EFBF8300C012DE /* PresentationLayer */,
				57E6335D21EBB87F007E3F08 /* Model */,
				57E6334621EB8C8F007E3F08 /* Info.plist */,
			);
			path = BondScheduleTests;
			sourceTree = "<group>";
		};
		57E6334E21EB8C8F007E3F08 /* BondScheduleUITests */ = {
			isa = PBXGroup;
			children = (
				57E6334F21EB8C8F007E3F08 /* BondScheduleUITests.swift */,
				57E6335121EB8C8F007E3F08 /* Info.plist */,
			);
			path = BondScheduleUITests;
			sourceTree = "<group>";
		};
		57E6335D21EBB87F007E3F08 /* Model */ = {
			isa = PBXGroup;
			children = (
				57E6336021EBBBC7007E3F08 /* BondTests.swift */,
				57E6336721EBC920007E3F08 /* StatisticTests.swift */,
				57E6336921EBCCA0007E3F08 /* PeriodTests.swift */,
				57E6336D21EBCFFE007E3F08 /* StatisticTypeTests.swift */,
			);
			path = Model;
			sourceTree = "<group>";
		};
		57E6336221EBBE40007E3F08 /* Model */ = {
			isa = PBXGroup;
			children = (
				57E6336321EBBE55007E3F08 /* Bond.swift */,
				57E6336521EBC246007E3F08 /* Statistic.swift */,
				57E6336B21EBCD73007E3F08 /* Period.swift */,
				57E6336F21EBD033007E3F08 /* StatisticType.swift */,
			);
			path = Model;
			sourceTree = "<group>";
		};
		57E6337521EC8ECC007E3F08 /* BusinessLogicLayer */ = {
			isa = PBXGroup;
			children = (
				57E6337621EC8EE1007E3F08 /* BondService */,
			);
			path = BusinessLogicLayer;
			sourceTree = "<group>";
		};
		57E6337621EC8EE1007E3F08 /* BondService */ = {
			isa = PBXGroup;
			children = (
				57E6337721EC8EEE007E3F08 /* BondService.swift */,
				57E6337921EC8EF8007E3F08 /* BondServiceImp.swift */,
			);
			path = BondService;
			sourceTree = "<group>";
		};
		57E6337B21ECA0E7007E3F08 /* CoreLayer */ = {
			isa = PBXGroup;
			children = (
				57E6337C21ECA0F4007E3F08 /* Network */,
			);
			path = CoreLayer;
			sourceTree = "<group>";
		};
		57E6337C21ECA0F4007E3F08 /* Network */ = {
			isa = PBXGroup;
			children = (
				57E6337D21ECA104007E3F08 /* Network.swift */,
				57E6337F21ECA168007E3F08 /* NetworkImp.swift */,
			);
			path = Network;
			sourceTree = "<group>";
		};
		57E6338121ECA250007E3F08 /* Resources */ = {
			isa = PBXGroup;
			children = (
				57E6333621EB8C8F007E3F08 /* Assets.xcassets */,
			);
			path = Resources;
			sourceTree = "<group>";
		};
		57E6338221ECA25A007E3F08 /* SupportingFiles */ = {
			isa = PBXGroup;
			children = (
				57E6333821EB8C8F007E3F08 /* LaunchScreen.storyboard */,
				57E6333B21EB8C8F007E3F08 /* Info.plist */,
			);
			path = SupportingFiles;
			sourceTree = "<group>";
		};
		57E6338321ECA298007E3F08 /* PresentationLayer */ = {
			isa = PBXGroup;
			children = (
				57E6338521ECB36F007E3F08 /* ReusableComponents */,
				57E6333121EB8C8B007E3F08 /* ViewController.swift */,
				57E6333321EB8C8B007E3F08 /* Main.storyboard */,
			);
			path = PresentationLayer;
			sourceTree = "<group>";
		};
		57E6338421ECA2A2007E3F08 /* ApplicationLayer */ = {
			isa = PBXGroup;
			children = (
				57E6332F21EB8C8B007E3F08 /* AppDelegate.swift */,
			);
			path = ApplicationLayer;
			sourceTree = "<group>";
		};
		57E6338521ECB36F007E3F08 /* ReusableComponents */ = {
			isa = PBXGroup;
			children = (
				57E6338621ECB38F007E3F08 /* ChartView.swift */,
			);
			path = ReusableComponents;
			sourceTree = "<group>";
		};
		D2EFC3857B216D9C922C85D9 /* Frameworks */ = {
			isa = PBXGroup;
			children = (
				3763F5EA18EA6B5BCC5F3FCA /* Pods_BondSchedule.framework */,
			);
			name = Frameworks;
			sourceTree = "<group>";
		};
/* End PBXGroup section */

/* Begin PBXNativeTarget section */
		57E6332B21EB8C8A007E3F08 /* BondSchedule */ = {
			isa = PBXNativeTarget;
			buildConfigurationList = 57E6335421EB8C8F007E3F08 /* Build configuration list for PBXNativeTarget "BondSchedule" */;
			buildPhases = (
				ADC60235D3697789B22D19FF /* [CP] Check Pods Manifest.lock */,
				57E6332821EB8C8A007E3F08 /* Sources */,
				57E6332921EB8C8A007E3F08 /* Frameworks */,
				57E6332A21EB8C8A007E3F08 /* Resources */,
				046F10AE6FBA75F5B3D36057 /* [CP] Embed Pods Frameworks */,
			);
			buildRules = (
			);
			dependencies = (
			);
			name = BondSchedule;
			productName = BondSchedule;
			productReference = 57E6332C21EB8C8A007E3F08 /* BondSchedule.app */;
			productType = "com.apple.product-type.application";
		};
		57E6333F21EB8C8F007E3F08 /* BondScheduleTests */ = {
			isa = PBXNativeTarget;
			buildConfigurationList = 57E6335721EB8C8F007E3F08 /* Build configuration list for PBXNativeTarget "BondScheduleTests" */;
			buildPhases = (
				57E6333C21EB8C8F007E3F08 /* Sources */,
				57E6333D21EB8C8F007E3F08 /* Frameworks */,
				57E6333E21EB8C8F007E3F08 /* Resources */,
			);
			buildRules = (
			);
			dependencies = (
				57E6334221EB8C8F007E3F08 /* PBXTargetDependency */,
			);
			name = BondScheduleTests;
			productName = BondScheduleTests;
			productReference = 57E6334021EB8C8F007E3F08 /* BondScheduleTests.xctest */;
			productType = "com.apple.product-type.bundle.unit-test";
		};
		57E6334A21EB8C8F007E3F08 /* BondScheduleUITests */ = {
			isa = PBXNativeTarget;
			buildConfigurationList = 57E6335A21EB8C8F007E3F08 /* Build configuration list for PBXNativeTarget "BondScheduleUITests" */;
			buildPhases = (
				57E6334721EB8C8F007E3F08 /* Sources */,
				57E6334821EB8C8F007E3F08 /* Frameworks */,
				57E6334921EB8C8F007E3F08 /* Resources */,
			);
			buildRules = (
			);
			dependencies = (
				57E6334D21EB8C8F007E3F08 /* PBXTargetDependency */,
			);
			name = BondScheduleUITests;
			productName = BondScheduleUITests;
			productReference = 57E6334B21EB8C8F007E3F08 /* BondScheduleUITests.xctest */;
			productType = "com.apple.product-type.bundle.ui-testing";
		};
/* End PBXNativeTarget section */

/* Begin PBXProject section */
		57E6332421EB8C8A007E3F08 /* Project object */ = {
			isa = PBXProject;
			attributes = {
				LastSwiftUpdateCheck = 1010;
				LastUpgradeCheck = 1010;
				ORGANIZATIONNAME = "Beslan Tularov Ramazanovich";
				TargetAttributes = {
					57E6332B21EB8C8A007E3F08 = {
						CreatedOnToolsVersion = 10.1;
					};
					57E6333F21EB8C8F007E3F08 = {
						CreatedOnToolsVersion = 10.1;
						TestTargetID = 57E6332B21EB8C8A007E3F08;
					};
					57E6334A21EB8C8F007E3F08 = {
						CreatedOnToolsVersion = 10.1;
						TestTargetID = 57E6332B21EB8C8A007E3F08;
					};
				};
			};
			buildConfigurationList = 57E6332721EB8C8A007E3F08 /* Build configuration list for PBXProject "BondSchedule" */;
			compatibilityVersion = "Xcode 9.3";
			developmentRegion = en;
			hasScannedForEncodings = 0;
			knownRegions = (
				en,
				Base,
			);
			mainGroup = 57E6332321EB8C8A007E3F08;
			productRefGroup = 57E6332D21EB8C8A007E3F08 /* Products */;
			projectDirPath = "";
			projectRoot = "";
			targets = (
				57E6332B21EB8C8A007E3F08 /* BondSchedule */,
				57E6333F21EB8C8F007E3F08 /* BondScheduleTests */,
				57E6334A21EB8C8F007E3F08 /* BondScheduleUITests */,
			);
		};
/* End PBXProject section */

/* Begin PBXResourcesBuildPhase section */
		57E6332A21EB8C8A007E3F08 /* Resources */ = {
			isa = PBXResourcesBuildPhase;
			buildActionMask = 2147483647;
			files = (
				57E6333A21EB8C8F007E3F08 /* LaunchScreen.storyboard in Resources */,
				57E6333721EB8C8F007E3F08 /* Assets.xcassets in Resources */,
				57E6333521EB8C8B007E3F08 /* Main.storyboard in Resources */,
			);
			runOnlyForDeploymentPostprocessing = 0;
		};
		57E6333E21EB8C8F007E3F08 /* Resources */ = {
			isa = PBXResourcesBuildPhase;
			buildActionMask = 2147483647;
			files = (
			);
			runOnlyForDeploymentPostprocessing = 0;
		};
		57E6334921EB8C8F007E3F08 /* Resources */ = {
			isa = PBXResourcesBuildPhase;
			buildActionMask = 2147483647;
			files = (
			);
			runOnlyForDeploymentPostprocessing = 0;
		};
/* End PBXResourcesBuildPhase section */

/* Begin PBXShellScriptBuildPhase section */
		046F10AE6FBA75F5B3D36057 /* [CP] Embed Pods Frameworks */ = {
			isa = PBXShellScriptBuildPhase;
			buildActionMask = 2147483647;
			files = (
			);
			inputFileListPaths = (
			);
			inputPaths = (
				"${PODS_ROOT}/Target Support Files/Pods-BondSchedule/Pods-BondSchedule-frameworks.sh",
				"${BUILT_PRODUCTS_DIR}/Alamofire/Alamofire.framework",
				"${BUILT_PRODUCTS_DIR}/Charts/Charts.framework",
				"${BUILT_PRODUCTS_DIR}/CodableAlamofire/CodableAlamofire.framework",
				"${BUILT_PRODUCTS_DIR}/FlexLayout/FlexLayout.framework",
				"${BUILT_PRODUCTS_DIR}/PinLayout/PinLayout.framework",
			);
			name = "[CP] Embed Pods Frameworks";
			outputFileListPaths = (
			);
			outputPaths = (
				"${TARGET_BUILD_DIR}/${FRAMEWORKS_FOLDER_PATH}/Alamofire.framework",
				"${TARGET_BUILD_DIR}/${FRAMEWORKS_FOLDER_PATH}/Charts.framework",
				"${TARGET_BUILD_DIR}/${FRAMEWORKS_FOLDER_PATH}/CodableAlamofire.framework",
				"${TARGET_BUILD_DIR}/${FRAMEWORKS_FOLDER_PATH}/FlexLayout.framework",
				"${TARGET_BUILD_DIR}/${FRAMEWORKS_FOLDER_PATH}/PinLayout.framework",
			);
			runOnlyForDeploymentPostprocessing = 0;
			shellPath = /bin/sh;
			shellScript = "\"${PODS_ROOT}/Target Support Files/Pods-BondSchedule/Pods-BondSchedule-frameworks.sh\"\n";
			showEnvVarsInLog = 0;
		};
		ADC60235D3697789B22D19FF /* [CP] Check Pods Manifest.lock */ = {
			isa = PBXShellScriptBuildPhase;
			buildActionMask = 2147483647;
			files = (
			);
			inputFileListPaths = (
			);
			inputPaths = (
				"${PODS_PODFILE_DIR_PATH}/Podfile.lock",
				"${PODS_ROOT}/Manifest.lock",
			);
			name = "[CP] Check Pods Manifest.lock";
			outputFileListPaths = (
			);
			outputPaths = (
				"$(DERIVED_FILE_DIR)/Pods-BondSchedule-checkManifestLockResult.txt",
			);
			runOnlyForDeploymentPostprocessing = 0;
			shellPath = /bin/sh;
			shellScript = "diff \"${PODS_PODFILE_DIR_PATH}/Podfile.lock\" \"${PODS_ROOT}/Manifest.lock\" > /dev/null\nif [ $? != 0 ] ; then\n    # print error to STDERR\n    echo \"error: The sandbox is not in sync with the Podfile.lock. Run 'pod install' or update your CocoaPods installation.\" >&2\n    exit 1\nfi\n# This output is used by Xcode 'outputs' to avoid re-running this script phase.\necho \"SUCCESS\" > \"${SCRIPT_OUTPUT_FILE_0}\"\n";
			showEnvVarsInLog = 0;
		};
/* End PBXShellScriptBuildPhase section */

/* Begin PBXSourcesBuildPhase section */
		57E6332821EB8C8A007E3F08 /* Sources */ = {
			isa = PBXSourcesBuildPhase;
			buildActionMask = 2147483647;
			files = (
				57E6337821EC8EEE007E3F08 /* BondService.swift in Sources */,
				57E6337A21EC8EF8007E3F08 /* BondServiceImp.swift in Sources */,
				57E6337021EBD033007E3F08 /* StatisticType.swift in Sources */,
				57E6338021ECA168007E3F08 /* NetworkImp.swift in Sources */,
				57E6336C21EBCD73007E3F08 /* Period.swift in Sources */,
				57E6333221EB8C8B007E3F08 /* ViewController.swift in Sources */,
				57E6337E21ECA104007E3F08 /* Network.swift in Sources */,
				57E6338721ECB390007E3F08 /* ChartView.swift in Sources */,
				57E6333021EB8C8B007E3F08 /* AppDelegate.swift in Sources */,
				57E6336621EBC246007E3F08 /* Statistic.swift in Sources */,
				57E6336421EBBE55007E3F08 /* Bond.swift in Sources */,
			);
			runOnlyForDeploymentPostprocessing = 0;
		};
		57E6333C21EB8C8F007E3F08 /* Sources */ = {
			isa = PBXSourcesBuildPhase;
			buildActionMask = 2147483647;
			files = (
				57E6336821EBC921007E3F08 /* StatisticTests.swift in Sources */,
				57E6336121EBBBC7007E3F08 /* BondTests.swift in Sources */,
				57E6336A21EBCCA0007E3F08 /* PeriodTests.swift in Sources */,
				5798EF9121EFBFA200C012DE /* ChartViewTests.swift in Sources */,
				57E6336E21EBCFFE007E3F08 /* StatisticTypeTests.swift in Sources */,
			);
			runOnlyForDeploymentPostprocessing = 0;
		};
		57E6334721EB8C8F007E3F08 /* Sources */ = {
			isa = PBXSourcesBuildPhase;
			buildActionMask = 2147483647;
			files = (
				57E6335021EB8C8F007E3F08 /* BondScheduleUITests.swift in Sources */,
			);
			runOnlyForDeploymentPostprocessing = 0;
		};
/* End PBXSourcesBuildPhase section */

/* Begin PBXTargetDependency section */
		57E6334221EB8C8F007E3F08 /* PBXTargetDependency */ = {
			isa = PBXTargetDependency;
			target = 57E6332B21EB8C8A007E3F08 /* BondSchedule */;
			targetProxy = 57E6334121EB8C8F007E3F08 /* PBXContainerItemProxy */;
		};
		57E6334D21EB8C8F007E3F08 /* PBXTargetDependency */ = {
			isa = PBXTargetDependency;
			target = 57E6332B21EB8C8A007E3F08 /* BondSchedule */;
			targetProxy = 57E6334C21EB8C8F007E3F08 /* PBXContainerItemProxy */;
		};
/* End PBXTargetDependency section */

/* Begin PBXVariantGroup section */
		57E6333321EB8C8B007E3F08 /* Main.storyboard */ = {
			isa = PBXVariantGroup;
			children = (
				57E6333421EB8C8B007E3F08 /* Base */,
			);
			name = Main.storyboard;
			sourceTree = "<group>";
		};
		57E6333821EB8C8F007E3F08 /* LaunchScreen.storyboard */ = {
			isa = PBXVariantGroup;
			children = (
				57E6333921EB8C8F007E3F08 /* Base */,
			);
			name = LaunchScreen.storyboard;
			sourceTree = "<group>";
		};
/* End PBXVariantGroup section */

/* Begin XCBuildConfiguration section */
		57E6335221EB8C8F007E3F08 /* Debug */ = {
			isa = XCBuildConfiguration;
			buildSettings = {
				ALWAYS_SEARCH_USER_PATHS = NO;
				CLANG_ANALYZER_NONNULL = YES;
				CLANG_ANALYZER_NUMBER_OBJECT_CONVERSION = YES_AGGRESSIVE;
				CLANG_CXX_LANGUAGE_STANDARD = "gnu++14";
				CLANG_CXX_LIBRARY = "libc++";
				CLANG_ENABLE_MODULES = YES;
				CLANG_ENABLE_OBJC_ARC = YES;
				CLANG_ENABLE_OBJC_WEAK = YES;
				CLANG_WARN_BLOCK_CAPTURE_AUTORELEASING = YES;
				CLANG_WARN_BOOL_CONVERSION = YES;
				CLANG_WARN_COMMA = YES;
				CLANG_WARN_CONSTANT_CONVERSION = YES;
				CLANG_WARN_DEPRECATED_OBJC_IMPLEMENTATIONS = YES;
				CLANG_WARN_DIRECT_OBJC_ISA_USAGE = YES_ERROR;
				CLANG_WARN_DOCUMENTATION_COMMENTS = YES;
				CLANG_WARN_EMPTY_BODY = YES;
				CLANG_WARN_ENUM_CONVERSION = YES;
				CLANG_WARN_INFINITE_RECURSION = YES;
				CLANG_WARN_INT_CONVERSION = YES;
				CLANG_WARN_NON_LITERAL_NULL_CONVERSION = YES;
				CLANG_WARN_OBJC_IMPLICIT_RETAIN_SELF = YES;
				CLANG_WARN_OBJC_LITERAL_CONVERSION = YES;
				CLANG_WARN_OBJC_ROOT_CLASS = YES_ERROR;
				CLANG_WARN_RANGE_LOOP_ANALYSIS = YES;
				CLANG_WARN_STRICT_PROTOTYPES = YES;
				CLANG_WARN_SUSPICIOUS_MOVE = YES;
				CLANG_WARN_UNGUARDED_AVAILABILITY = YES_AGGRESSIVE;
				CLANG_WARN_UNREACHABLE_CODE = YES;
				CLANG_WARN__DUPLICATE_METHOD_MATCH = YES;
				CODE_SIGN_IDENTITY = "iPhone Developer";
				COPY_PHASE_STRIP = NO;
				DEBUG_INFORMATION_FORMAT = dwarf;
				ENABLE_STRICT_OBJC_MSGSEND = YES;
				ENABLE_TESTABILITY = YES;
				GCC_C_LANGUAGE_STANDARD = gnu11;
				GCC_DYNAMIC_NO_PIC = NO;
				GCC_NO_COMMON_BLOCKS = YES;
				GCC_OPTIMIZATION_LEVEL = 0;
				GCC_PREPROCESSOR_DEFINITIONS = (
					"DEBUG=1",
					"$(inherited)",
				);
				GCC_WARN_64_TO_32_BIT_CONVERSION = YES;
				GCC_WARN_ABOUT_RETURN_TYPE = YES_ERROR;
				GCC_WARN_UNDECLARED_SELECTOR = YES;
				GCC_WARN_UNINITIALIZED_AUTOS = YES_AGGRESSIVE;
				GCC_WARN_UNUSED_FUNCTION = YES;
				GCC_WARN_UNUSED_VARIABLE = YES;
				IPHONEOS_DEPLOYMENT_TARGET = 12.1;
				MTL_ENABLE_DEBUG_INFO = INCLUDE_SOURCE;
				MTL_FAST_MATH = YES;
				ONLY_ACTIVE_ARCH = YES;
				SDKROOT = iphoneos;
				SWIFT_ACTIVE_COMPILATION_CONDITIONS = DEBUG;
				SWIFT_OPTIMIZATION_LEVEL = "-Onone";
			};
			name = Debug;
		};
		57E6335321EB8C8F007E3F08 /* Release */ = {
			isa = XCBuildConfiguration;
			buildSettings = {
				ALWAYS_SEARCH_USER_PATHS = NO;
				CLANG_ANALYZER_NONNULL = YES;
				CLANG_ANALYZER_NUMBER_OBJECT_CONVERSION = YES_AGGRESSIVE;
				CLANG_CXX_LANGUAGE_STANDARD = "gnu++14";
				CLANG_CXX_LIBRARY = "libc++";
				CLANG_ENABLE_MODULES = YES;
				CLANG_ENABLE_OBJC_ARC = YES;
				CLANG_ENABLE_OBJC_WEAK = YES;
				CLANG_WARN_BLOCK_CAPTURE_AUTORELEASING = YES;
				CLANG_WARN_BOOL_CONVERSION = YES;
				CLANG_WARN_COMMA = YES;
				CLANG_WARN_CONSTANT_CONVERSION = YES;
				CLANG_WARN_DEPRECATED_OBJC_IMPLEMENTATIONS = YES;
				CLANG_WARN_DIRECT_OBJC_ISA_USAGE = YES_ERROR;
				CLANG_WARN_DOCUMENTATION_COMMENTS = YES;
				CLANG_WARN_EMPTY_BODY = YES;
				CLANG_WARN_ENUM_CONVERSION = YES;
				CLANG_WARN_INFINITE_RECURSION = YES;
				CLANG_WARN_INT_CONVERSION = YES;
				CLANG_WARN_NON_LITERAL_NULL_CONVERSION = YES;
				CLANG_WARN_OBJC_IMPLICIT_RETAIN_SELF = YES;
				CLANG_WARN_OBJC_LITERAL_CONVERSION = YES;
				CLANG_WARN_OBJC_ROOT_CLASS = YES_ERROR;
				CLANG_WARN_RANGE_LOOP_ANALYSIS = YES;
				CLANG_WARN_STRICT_PROTOTYPES = YES;
				CLANG_WARN_SUSPICIOUS_MOVE = YES;
				CLANG_WARN_UNGUARDED_AVAILABILITY = YES_AGGRESSIVE;
				CLANG_WARN_UNREACHABLE_CODE = YES;
				CLANG_WARN__DUPLICATE_METHOD_MATCH = YES;
				CODE_SIGN_IDENTITY = "iPhone Developer";
				COPY_PHASE_STRIP = NO;
				DEBUG_INFORMATION_FORMAT = "dwarf-with-dsym";
				ENABLE_NS_ASSERTIONS = NO;
				ENABLE_STRICT_OBJC_MSGSEND = YES;
				GCC_C_LANGUAGE_STANDARD = gnu11;
				GCC_NO_COMMON_BLOCKS = YES;
				GCC_WARN_64_TO_32_BIT_CONVERSION = YES;
				GCC_WARN_ABOUT_RETURN_TYPE = YES_ERROR;
				GCC_WARN_UNDECLARED_SELECTOR = YES;
				GCC_WARN_UNINITIALIZED_AUTOS = YES_AGGRESSIVE;
				GCC_WARN_UNUSED_FUNCTION = YES;
				GCC_WARN_UNUSED_VARIABLE = YES;
				IPHONEOS_DEPLOYMENT_TARGET = 12.1;
				MTL_ENABLE_DEBUG_INFO = NO;
				MTL_FAST_MATH = YES;
				SDKROOT = iphoneos;
				SWIFT_COMPILATION_MODE = wholemodule;
				SWIFT_OPTIMIZATION_LEVEL = "-O";
				VALIDATE_PRODUCT = YES;
			};
			name = Release;
		};
		57E6335521EB8C8F007E3F08 /* Debug */ = {
			isa = XCBuildConfiguration;
			baseConfigurationReference = 0650E26C38F1DE6CBD599B1E /* Pods-BondSchedule.debug.xcconfig */;
			buildSettings = {
				ASSETCATALOG_COMPILER_APPICON_NAME = AppIcon;
				CODE_SIGN_STYLE = Automatic;
				DEVELOPMENT_TEAM = MTVD7A69KL;
				INFOPLIST_FILE = "$(SRCROOT)/BondSchedule/SupportingFiles/Info.plist";
				LD_RUNPATH_SEARCH_PATHS = (
					"$(inherited)",
					"@executable_path/Frameworks",
				);
				PRODUCT_BUNDLE_IDENTIFIER = BTR.BondSchedule;
				PRODUCT_NAME = "$(TARGET_NAME)";
				SWIFT_VERSION = 4.2;
				TARGETED_DEVICE_FAMILY = "1,2";
			};
			name = Debug;
		};
		57E6335621EB8C8F007E3F08 /* Release */ = {
			isa = XCBuildConfiguration;
			baseConfigurationReference = 8982B58E0E6BD4351D74BA16 /* Pods-BondSchedule.release.xcconfig */;
			buildSettings = {
				ASSETCATALOG_COMPILER_APPICON_NAME = AppIcon;
				CODE_SIGN_STYLE = Automatic;
				DEVELOPMENT_TEAM = MTVD7A69KL;
				INFOPLIST_FILE = "$(SRCROOT)/BondSchedule/SupportingFiles/Info.plist";
				LD_RUNPATH_SEARCH_PATHS = (
					"$(inherited)",
					"@executable_path/Frameworks",
				);
				PRODUCT_BUNDLE_IDENTIFIER = BTR.BondSchedule;
				PRODUCT_NAME = "$(TARGET_NAME)";
				SWIFT_VERSION = 4.2;
				TARGETED_DEVICE_FAMILY = "1,2";
			};
			name = Release;
		};
		57E6335821EB8C8F007E3F08 /* Debug */ = {
			isa = XCBuildConfiguration;
			buildSettings = {
				ALWAYS_EMBED_SWIFT_STANDARD_LIBRARIES = YES;
				BUNDLE_LOADER = "$(TEST_HOST)";
				CODE_SIGN_STYLE = Automatic;
				DEVELOPMENT_TEAM = MTVD7A69KL;
				INFOPLIST_FILE = BondScheduleTests/Info.plist;
				LD_RUNPATH_SEARCH_PATHS = (
					"$(inherited)",
					"@executable_path/Frameworks",
					"@loader_path/Frameworks",
				);
				PRODUCT_BUNDLE_IDENTIFIER = BTR.BondScheduleTests;
				PRODUCT_NAME = "$(TARGET_NAME)";
				SWIFT_VERSION = 4.2;
				TARGETED_DEVICE_FAMILY = "1,2";
				TEST_HOST = "$(BUILT_PRODUCTS_DIR)/BondSchedule.app/BondSchedule";
			};
			name = Debug;
		};
		57E6335921EB8C8F007E3F08 /* Release */ = {
			isa = XCBuildConfiguration;
			buildSettings = {
				ALWAYS_EMBED_SWIFT_STANDARD_LIBRARIES = YES;
				BUNDLE_LOADER = "$(TEST_HOST)";
				CODE_SIGN_STYLE = Automatic;
				DEVELOPMENT_TEAM = MTVD7A69KL;
				INFOPLIST_FILE = BondScheduleTests/Info.plist;
				LD_RUNPATH_SEARCH_PATHS = (
					"$(inherited)",
					"@executable_path/Frameworks",
					"@loader_path/Frameworks",
				);
				PRODUCT_BUNDLE_IDENTIFIER = BTR.BondScheduleTests;
				PRODUCT_NAME = "$(TARGET_NAME)";
				SWIFT_VERSION = 4.2;
				TARGETED_DEVICE_FAMILY = "1,2";
				TEST_HOST = "$(BUILT_PRODUCTS_DIR)/BondSchedule.app/BondSchedule";
			};
			name = Release;
		};
		57E6335B21EB8C8F007E3F08 /* Debug */ = {
			isa = XCBuildConfiguration;
			buildSettings = {
				ALWAYS_EMBED_SWIFT_STANDARD_LIBRARIES = YES;
				CODE_SIGN_STYLE = Automatic;
				DEVELOPMENT_TEAM = MTVD7A69KL;
				INFOPLIST_FILE = BondScheduleUITests/Info.plist;
				LD_RUNPATH_SEARCH_PATHS = (
					"$(inherited)",
					"@executable_path/Frameworks",
					"@loader_path/Frameworks",
				);
				PRODUCT_BUNDLE_IDENTIFIER = BTR.BondScheduleUITests;
				PRODUCT_NAME = "$(TARGET_NAME)";
				SWIFT_VERSION = 4.2;
				TARGETED_DEVICE_FAMILY = "1,2";
				TEST_TARGET_NAME = BondSchedule;
			};
			name = Debug;
		};
		57E6335C21EB8C8F007E3F08 /* Release */ = {
			isa = XCBuildConfiguration;
			buildSettings = {
				ALWAYS_EMBED_SWIFT_STANDARD_LIBRARIES = YES;
				CODE_SIGN_STYLE = Automatic;
				DEVELOPMENT_TEAM = MTVD7A69KL;
				INFOPLIST_FILE = BondScheduleUITests/Info.plist;
				LD_RUNPATH_SEARCH_PATHS = (
					"$(inherited)",
					"@executable_path/Frameworks",
					"@loader_path/Frameworks",
				);
				PRODUCT_BUNDLE_IDENTIFIER = BTR.BondScheduleUITests;
				PRODUCT_NAME = "$(TARGET_NAME)";
				SWIFT_VERSION = 4.2;
				TARGETED_DEVICE_FAMILY = "1,2";
				TEST_TARGET_NAME = BondSchedule;
			};
			name = Release;
		};
/* End XCBuildConfiguration section */

/* Begin XCConfigurationList section */
		57E6332721EB8C8A007E3F08 /* Build configuration list for PBXProject "BondSchedule" */ = {
			isa = XCConfigurationList;
			buildConfigurations = (
				57E6335221EB8C8F007E3F08 /* Debug */,
				57E6335321EB8C8F007E3F08 /* Release */,
			);
			defaultConfigurationIsVisible = 0;
			defaultConfigurationName = Release;
		};
		57E6335421EB8C8F007E3F08 /* Build configuration list for PBXNativeTarget "BondSchedule" */ = {
			isa = XCConfigurationList;
			buildConfigurations = (
				57E6335521EB8C8F007E3F08 /* Debug */,
				57E6335621EB8C8F007E3F08 /* Release */,
			);
			defaultConfigurationIsVisible = 0;
			defaultConfigurationName = Release;
		};
		57E6335721EB8C8F007E3F08 /* Build configuration list for PBXNativeTarget "BondScheduleTests" */ = {
			isa = XCConfigurationList;
			buildConfigurations = (
				57E6335821EB8C8F007E3F08 /* Debug */,
				57E6335921EB8C8F007E3F08 /* Release */,
			);
			defaultConfigurationIsVisible = 0;
			defaultConfigurationName = Release;
		};
		57E6335A21EB8C8F007E3F08 /* Build configuration list for PBXNativeTarget "BondScheduleUITests" */ = {
			isa = XCConfigurationList;
			buildConfigurations = (
				57E6335B21EB8C8F007E3F08 /* Debug */,
				57E6335C21EB8C8F007E3F08 /* Release */,
			);
			defaultConfigurationIsVisible = 0;
			defaultConfigurationName = Release;
		};
/* End XCConfigurationList section */
	};
	rootObject = 57E6332421EB8C8A007E3F08 /* Project object */;
}
